
Microsoft Visual Studio Solution File, Format Version 12.00
# Visual Studio 2013
VisualStudioVersion = 12.0.31101.0
MinimumVisualStudioVersion = 10.0.40219.1
Project("{FAE04EC0-301F-11D3-BF4B-00C04F79EFBC}") = "enshu0426", "enshu0426\enshu0426.csproj", "{DE8B1BA4-1E83-4A3E-9822-23F3B4DD6B71}"
EndProject
Global
	GlobalSection(SolutionConfigurationPlatforms) = preSolution
		Debug|Any CPU = Debug|Any CPU
		Release|Any CPU = Release|Any CPU
	EndGlobalSection
	GlobalSection(ProjectConfigurationPlatforms) = postSolution
		{DE8B1BA4-1E83-4A3E-9822-23F3B4DD6B71}.Debug|Any CPU.ActiveCfg = Debug|Any CPU
		{DE8B1BA4-1E83-4A3E-9822-23F3B4DD6B71}.Debug|Any CPU.Build.0 = Debug|Any CPU
		{DE8B1BA4-1E83-4A3E-9822-23F3B4DD6B71}.Release|Any CPU.ActiveCfg = Release|Any CPU
		{DE8B1BA4-1E83-4A3E-9822-23F3B4DD6B71}.Release|Any CPU.Build.0 = Release|Any CPU
	EndGlobalSection
	GlobalSection(SolutionProperties) = preSolution
		HideSolutionNode = FALSE
	EndGlobalSection
EndGlobal
